
Microsoft Visual Studio Solution File, Format Version 12.00
# Visual Studio Version 17
VisualStudioVersion = 17.4.33122.133
MinimumVisualStudioVersion = 10.0.40219.1
Project("{2150E333-8FDC-42A3-9474-1A3956D46DE8}") = "0. FrameWork", "0. FrameWork", "{685DCBA9-5582-4495-BAC6-34E9018FEB0F}"
EndProject
Project("{9A19103F-16F7-4668-BE54-9A1E7A4F7556}") = "FrameWork", "Code\0. FrameWork\FrameWork\FrameWork.csproj", "{54378CC1-9CDB-4773-A4BA-7026F961BB43}"
EndProject
Project("{2150E333-8FDC-42A3-9474-1A3956D46DE8}") = "Stall-Shop.Management", "Stall-Shop.Management", "{2161DCDE-AF47-4A69-9731-D3F686B315DC}"
EndProject
Project("{9A19103F-16F7-4668-BE54-9A1E7A4F7556}") = "SM. Domain", "Code\Stall-Shop.Management\SM. Domain\SM. Domain.csproj", "{5215E646-5EE0-4DAB-AC02-A1454F0FD145}"
EndProject
Project("{2150E333-8FDC-42A3-9474-1A3956D46DE8}") = "Application", "Application", "{A11F6A46-AF25-4F75-9770-C3B1B714A022}"
EndProject
Project("{9A19103F-16F7-4668-BE54-9A1E7A4F7556}") = "SM. Application.Contracts", "Code\Stall-Shop.Management\SM. Application\SM. Application.Contracts\SM. Application.Contracts.csproj", "{926A7C18-F8B6-4F3C-B9BF-E7DF24980622}"
EndProject
Project("{9A19103F-16F7-4668-BE54-9A1E7A4F7556}") = "SM. Application.Implementation", "Code\Stall-Shop.Management\SM. Application\SM. Application.Implementation\SM. Application.Implementation.csproj", "{0814E710-2C42-408D-8E0C-AFDE2CA55D2D}"
EndProject
Project("{2150E333-8FDC-42A3-9474-1A3956D46DE8}") = "Infrastructure", "Infrastructure", "{8977F059-B301-46A0-B4C7-D1A36A3A1E6F}"
EndProject
Project("{9A19103F-16F7-4668-BE54-9A1E7A4F7556}") = "SM. Infrastructure.EFCore", "Code\Stall-Shop.Management\SM. Infrastructure\SM. Infrastructure.EFCore\SM. Infrastructure.EFCore.csproj", "{2C8116E8-4B5E-4634-9DC1-F23E68DE35D7}"
EndProject
Project("{9A19103F-16F7-4668-BE54-9A1E7A4F7556}") = "SM. Infrastructure.Configuration", "Code\Stall-Shop.Management\SM. Infrastructure\SM. Infrastructure.Configuration\SM. Infrastructure.Configuration.csproj", "{6741D926-6F88-4395-A1F0-8B2F0CB885C2}"
EndProject
Project("{9A19103F-16F7-4668-BE54-9A1E7A4F7556}") = "WebHost", "Code\WebHost\WebHost.csproj", "{75DEFB4C-1CCF-4BA6-9166-0D7A7114F85B}"
EndProject
Project("{2150E333-8FDC-42A3-9474-1A3956D46DE8}") = "Inventory.Management", "Inventory.Management", "{1C6020EB-1E91-4CDA-A7A8-CB3B1C1F93B2}"
EndProject
Project("{9A19103F-16F7-4668-BE54-9A1E7A4F7556}") = "IM. Domain", "Code\Inventory.Managemnt\IM. Domain\IM. Domain.csproj", "{52113BC3-8E5C-46EB-B08D-418758CF71B3}"
EndProject
Project("{2150E333-8FDC-42A3-9474-1A3956D46DE8}") = "Application", "Application", "{99A26394-47B8-4F16-A013-6A613FD6F924}"
EndProject
Project("{9A19103F-16F7-4668-BE54-9A1E7A4F7556}") = "IM. Application.Contracts", "Code\Inventory.Managemnt\IM. Application\IM. Application.Contracts\IM. Application.Contracts.csproj", "{8E06819F-FA51-47FA-B458-34967992D830}"
EndProject
Project("{2150E333-8FDC-42A3-9474-1A3956D46DE8}") = "Infrastructure", "Infrastructure", "{0F61AF53-5D19-4C71-AE2C-B900EAAE8A53}"
EndProject
Project("{9A19103F-16F7-4668-BE54-9A1E7A4F7556}") = "IM. Infrastructure.EFCore", "Code\Inventory.Managemnt\IM. Infrastructure\IM. Infrastructure.EFCore\IM. Infrastructure.EFCore.csproj", "{907996D6-040F-435F-AA75-554830F3E05A}"
EndProject
Project("{9A19103F-16F7-4668-BE54-9A1E7A4F7556}") = "IM. Infrastructure.Configuration", "Code\Inventory.Managemnt\IM. Infrastructure\IM. Infrastructure.Configuration\IM. Infrastructure.Configuration.csproj", "{4CC69F40-44C8-4A47-8086-1BDEFBC60F11}"
EndProject
Project("{9A19103F-16F7-4668-BE54-9A1E7A4F7556}") = "IM. Application.Implementation", "Code\Inventory.Managemnt\IM. Application\IM. Application.Implementation\IM. Application.Implementation.csproj", "{47802384-CB6D-462B-A561-1F304B3C051F}"
EndProject
Project("{2150E333-8FDC-42A3-9474-1A3956D46DE8}") = "Account.Management", "Account.Management", "{D2112F62-AA13-44E2-9592-1518371790BF}"
EndProject
Project("{9A19103F-16F7-4668-BE54-9A1E7A4F7556}") = "AM. Domain", "Code\Account.Management\AM. Domain\AM. Domain.csproj", "{D2D82A26-C17C-4A98-841A-D81ECC04438B}"
EndProject
Project("{2150E333-8FDC-42A3-9474-1A3956D46DE8}") = "Application", "Application", "{97F1D7DC-8B48-4FC5-9513-3D96F25598B5}"
EndProject
Project("{9A19103F-16F7-4668-BE54-9A1E7A4F7556}") = "AM. Application.Contracts", "Code\Account.Management\AM. Application\AM. Application.Contracts\AM. Application.Contracts.csproj", "{AE2CD55B-C663-4C00-8B54-82B46A64A7AE}"
EndProject
Project("{9A19103F-16F7-4668-BE54-9A1E7A4F7556}") = "AM. Application.Implementation", "Code\Account.Management\AM. Application\AM. Application.Implementation\AM. Application.Implementation.csproj", "{32623E62-E1E5-41E2-A41E-104B8C021013}"
EndProject
Project("{2150E333-8FDC-42A3-9474-1A3956D46DE8}") = "Infrastructure", "Infrastructure", "{598B6D48-473F-4A4C-AC11-7D0BFEDC6533}"
EndProject
Project("{9A19103F-16F7-4668-BE54-9A1E7A4F7556}") = "AM. Infrastructure.EFCore", "Code\Account.Management\AM. Infrastructure\AM. Infrastructure.EFCore\AM. Infrastructure.EFCore.csproj", "{FA224AC2-1DE2-41A3-92F3-BBE1B6419245}"
EndProject
Project("{9A19103F-16F7-4668-BE54-9A1E7A4F7556}") = "AM. Infrastructure.Configuration", "Code\Account.Management\AM. Infrastructure\AM. Infrastructure.Configuration\AM. Infrastructure.Configuration.csproj", "{976D80A3-F4C3-480B-AED1-35777050C13D}"
EndProject
Project("{2150E333-8FDC-42A3-9474-1A3956D46DE8}") = "1. Query", "1. Query", "{4E94019D-87D6-40F9-9015-969BED08B400}"
EndProject
Project("{9A19103F-16F7-4668-BE54-9A1E7A4F7556}") = "BP. Query", "Code\1. Query\BP.Query\BP. Query.csproj", "{D3EB4B80-C4EC-4F18-92BC-A40688B1AC4F}"
EndProject
Project("{2150E333-8FDC-42A3-9474-1A3956D46DE8}") = "Discount.Management", "Discount.Management", "{266F7D89-92AB-4A19-9126-51C2B4FD21B3}"
EndProject
Project("{9A19103F-16F7-4668-BE54-9A1E7A4F7556}") = "DM. Domain", "Code\Discount.Managemet\DM. Domain\DM. Domain.csproj", "{FD6EB239-FD95-4625-86BC-0DE564DE6739}"
EndProject
Project("{2150E333-8FDC-42A3-9474-1A3956D46DE8}") = "DM. Application", "DM. Application", "{61180B55-BAC3-4BF5-9127-12139FC00E55}"
EndProject
Project("{2150E333-8FDC-42A3-9474-1A3956D46DE8}") = "DM. Infrastructure", "DM. Infrastructure", "{E81FAAB8-2F8C-48FE-81C4-93B9CC22264A}"
EndProject
Project("{9A19103F-16F7-4668-BE54-9A1E7A4F7556}") = "DM. Application.Contracts", "Code\Discount.Managemet\DM. Application\DM.Application.Contracts\DM. Application.Contracts.csproj", "{4C19AACE-CF33-4E8A-9392-04B8E8A1654F}"
EndProject
Project("{9A19103F-16F7-4668-BE54-9A1E7A4F7556}") = "DM. Infrastructure.EFCore", "Code\Discount.Managemet\DM. Infrastructure\DM. Infrastructure.EFCore\DM. Infrastructure.EFCore.csproj", "{7EA660EC-40C8-4BEC-9739-6F521CE2AC1F}"
EndProject
Project("{9A19103F-16F7-4668-BE54-9A1E7A4F7556}") = "DM. Infrastructure.Configuration", "Code\Discount.Managemet\DM. Infrastructure\DM.Infrastructure.Configuration\DM. Infrastructure.Configuration.csproj", "{2B4591BF-41E9-42B4-B1ED-A53E4DDECDFE}"
EndProject
Project("{9A19103F-16F7-4668-BE54-9A1E7A4F7556}") = "DM. Application.Implementation", "Code\Discount.Managemet\DM. Application\DM.Application.Implementation\DM. Application.Implementation.csproj", "{E4CDE2D4-55B0-4356-8FC2-5DB528AA2B82}"
EndProject
Project("{2150E333-8FDC-42A3-9474-1A3956D46DE8}") = "Blog.Management", "Blog.Management", "{B228BF90-C0CA-47CF-A532-9D727ADCF0DD}"
EndProject
Project("{9A19103F-16F7-4668-BE54-9A1E7A4F7556}") = "BM. Domain", "Code\Blog.Management\BM. Domain\BM. Domain.csproj", "{DC68EE60-15D2-4919-B36C-2592013CD556}"
EndProject
Project("{2150E333-8FDC-42A3-9474-1A3956D46DE8}") = "BM. Application", "BM. Application", "{C22C7368-03B1-4244-888B-205227D0FAF5}"
EndProject
Project("{9A19103F-16F7-4668-BE54-9A1E7A4F7556}") = "BM. Application.Contracts", "Code\Blog.Management\BM. Application\BM. Application.Contracts\BM. Application.Contracts.csproj", "{ED2901F8-F721-405F-AE81-105F7EB9D1BC}"
EndProject
Project("{9A19103F-16F7-4668-BE54-9A1E7A4F7556}") = "BM. Application.Implementation", "Code\Blog.Management\BM. Application\BM. Application.Implementation\BM. Application.Implementation.csproj", "{9CB05D31-4D67-4B66-9907-A6626847DC1E}"
EndProject
Project("{2150E333-8FDC-42A3-9474-1A3956D46DE8}") = "BM. Infrastructure", "BM. Infrastructure", "{CB76794C-59BD-4E3A-ABD1-F58043601546}"
EndProject
Project("{9A19103F-16F7-4668-BE54-9A1E7A4F7556}") = "BM. Infrastructure.EFCore", "Code\Blog.Management\BM. Infrastructure\BM. Infrastructure.EFCore\BM. Infrastructure.EFCore.csproj", "{7C128BBC-E6ED-4E5E-8BF4-A586C178BF87}"
EndProject
Project("{9A19103F-16F7-4668-BE54-9A1E7A4F7556}") = "BM. Infrastructure.Configuration", "Code\Blog.Management\BM. Infrastructure\BM. Infrastructure.Configuration\BM. Infrastructure.Configuration.csproj", "{1F6A17DC-33AA-41DA-98F6-E3E505E2B094}"
EndProject
Project("{2150E333-8FDC-42A3-9474-1A3956D46DE8}") = "Comment.Management", "Comment.Management", "{7333B95C-6E6D-4BF4-AFB8-34950D0BE526}"
EndProject
Project("{9A19103F-16F7-4668-BE54-9A1E7A4F7556}") = "CM. Domain", "Code\Comment.Management\CM. Domain\CM. Domain.csproj", "{157B1863-AFB1-4D40-BCA6-149CDAB4098F}"
EndProject
Project("{2150E333-8FDC-42A3-9474-1A3956D46DE8}") = "CM. Application", "CM. Application", "{0958D533-07AD-4274-8F31-89FFCCEDDDCE}"
EndProject
Project("{9A19103F-16F7-4668-BE54-9A1E7A4F7556}") = "CM. Application.Contracts", "Code\Comment.Management\CM. Application\CM. Application.Contracts\CM. Application.Contracts.csproj", "{C24A0A4E-4F44-40C5-813C-BC71875E1F71}"
EndProject
Project("{9A19103F-16F7-4668-BE54-9A1E7A4F7556}") = "CM. Application.Implementation", "Code\Comment.Management\CM. Application\CM. Application.Implementation\CM. Application.Implementation.csproj", "{4ABA1B60-83FA-43AB-9504-EC88A6321FEE}"
EndProject
Project("{2150E333-8FDC-42A3-9474-1A3956D46DE8}") = "CM. Infrastructure", "CM. Infrastructure", "{CB06C075-3FF6-4A6F-A163-973B24877A38}"
EndProject
Project("{9A19103F-16F7-4668-BE54-9A1E7A4F7556}") = "CM. Infrastructure.EFCore", "Code\Comment.Management\CM. Infrastructure\CM. Infrastructure.EFCore\CM. Infrastructure.EFCore.csproj", "{7A9F492E-AF7F-447F-8647-EFC2381B0DCD}"
EndProject
Project("{9A19103F-16F7-4668-BE54-9A1E7A4F7556}") = "CM. Infrastructure.Configuration", "Code\Comment.Management\CM. Infrastructure\CM. Infrastructure.Configuration\CM. Infrastructure.Configuration.csproj", "{F160B9EA-19DB-4A56-944C-38D5C44C51D5}"
EndProject
Project("{2150E333-8FDC-42A3-9474-1A3956D46DE8}") = "Auction.Management", "Auction.Management", "{D932E515-48C0-4E27-9AA0-D4D82C7B9F98}"
EndProject
Project("{9A19103F-16F7-4668-BE54-9A1E7A4F7556}") = "AM.Domain", "Code\Auction.Management\AM. Domain\AM.Domain.csproj", "{8E531C2E-7DC6-416D-AE22-EDD35EB5659D}"
EndProject
Project("{2150E333-8FDC-42A3-9474-1A3956D46DE8}") = "AM.Application", "AM.Application", "{AAE2A881-CFDE-48DB-9E95-1711683BA174}"
EndProject
Project("{2150E333-8FDC-42A3-9474-1A3956D46DE8}") = "AM.Infrastructure", "AM.Infrastructure", "{E58C0663-66E8-4E62-8793-6788BEE9EB68}"
EndProject
Project("{9A19103F-16F7-4668-BE54-9A1E7A4F7556}") = "AM.Application.Contracts", "Code\Auction.Management\AM. Application\AM. Application.Contracts\AM.Application.Contracts.csproj", "{CD0D2C1F-C334-4A2A-BFE7-E6ECD8815FD0}"
EndProject
Project("{9A19103F-16F7-4668-BE54-9A1E7A4F7556}") = "AM.Application.Implementation", "Code\Auction.Management\AM. Application\AM. Application.Implementation\AM.Application.Implementation.csproj", "{65B71858-1D7E-4039-B743-7BB572BA5101}"
EndProject
Project("{9A19103F-16F7-4668-BE54-9A1E7A4F7556}") = "AM.Infrastructure.EFCore", "Code\Auction.Management\AM. Infrastructure\AM. Infrastructure.EFCore\AM.Infrastructure.EFCore.csproj", "{C24C938A-859A-43A1-A138-FAED4A7951F6}"
EndProject
Project("{9A19103F-16F7-4668-BE54-9A1E7A4F7556}") = "AM.Infrastructure.Configuration", "Code\Auction.Management\AM. Infrastructure\AM. Infrastructure.Configuration\AM.Infrastructure.Configuration.csproj", "{E472B6D6-9052-400D-8A9A-D76F62E0E776}"
EndProject
Project("{9A19103F-16F7-4668-BE54-9A1E7A4F7556}") = "SM. Infrastructure.InventoryAcl", "Code\Stall-Shop.Management\SM. Infrastructure\SM. Infrastructure.InventoryAcl\SM. Infrastructure.InventoryAcl.csproj", "{415B6298-80EA-487C-8D72-7389E2E11278}"
EndProject
Project("{9A19103F-16F7-4668-BE54-9A1E7A4F7556}") = "SM. Infrastructure.AccountAcl", "Code\Stall-Shop.Management\SM. Infrastructure\SM. Infrastructure.AccountAcl\SM. Infrastructure.AccountAcl.csproj", "{EA20EDC3-2E5B-4BB6-8FB8-7AB6D18CA971}"
EndProject
Global
	GlobalSection(SolutionConfigurationPlatforms) = preSolution
		Debug|Any CPU = Debug|Any CPU
		Release|Any CPU = Release|Any CPU
	EndGlobalSection
	GlobalSection(ProjectConfigurationPlatforms) = postSolution
		{54378CC1-9CDB-4773-A4BA-7026F961BB43}.Debug|Any CPU.ActiveCfg = Debug|Any CPU
		{54378CC1-9CDB-4773-A4BA-7026F961BB43}.Debug|Any CPU.Build.0 = Debug|Any CPU
		{54378CC1-9CDB-4773-A4BA-7026F961BB43}.Release|Any CPU.ActiveCfg = Release|Any CPU
		{54378CC1-9CDB-4773-A4BA-7026F961BB43}.Release|Any CPU.Build.0 = Release|Any CPU
		{5215E646-5EE0-4DAB-AC02-A1454F0FD145}.Debug|Any CPU.ActiveCfg = Debug|Any CPU
		{5215E646-5EE0-4DAB-AC02-A1454F0FD145}.Debug|Any CPU.Build.0 = Debug|Any CPU
		{5215E646-5EE0-4DAB-AC02-A1454F0FD145}.Release|Any CPU.ActiveCfg = Release|Any CPU
		{5215E646-5EE0-4DAB-AC02-A1454F0FD145}.Release|Any CPU.Build.0 = Release|Any CPU
		{926A7C18-F8B6-4F3C-B9BF-E7DF24980622}.Debug|Any CPU.ActiveCfg = Debug|Any CPU
		{926A7C18-F8B6-4F3C-B9BF-E7DF24980622}.Debug|Any CPU.Build.0 = Debug|Any CPU
		{926A7C18-F8B6-4F3C-B9BF-E7DF24980622}.Release|Any CPU.ActiveCfg = Release|Any CPU
		{926A7C18-F8B6-4F3C-B9BF-E7DF24980622}.Release|Any CPU.Build.0 = Release|Any CPU
		{0814E710-2C42-408D-8E0C-AFDE2CA55D2D}.Debug|Any CPU.ActiveCfg = Debug|Any CPU
		{0814E710-2C42-408D-8E0C-AFDE2CA55D2D}.Debug|Any CPU.Build.0 = Debug|Any CPU
		{0814E710-2C42-408D-8E0C-AFDE2CA55D2D}.Release|Any CPU.ActiveCfg = Release|Any CPU
		{0814E710-2C42-408D-8E0C-AFDE2CA55D2D}.Release|Any CPU.Build.0 = Release|Any CPU
		{2C8116E8-4B5E-4634-9DC1-F23E68DE35D7}.Debug|Any CPU.ActiveCfg = Debug|Any CPU
		{2C8116E8-4B5E-4634-9DC1-F23E68DE35D7}.Debug|Any CPU.Build.0 = Debug|Any CPU
		{2C8116E8-4B5E-4634-9DC1-F23E68DE35D7}.Release|Any CPU.ActiveCfg = Release|Any CPU
		{2C8116E8-4B5E-4634-9DC1-F23E68DE35D7}.Release|Any CPU.Build.0 = Release|Any CPU
		{6741D926-6F88-4395-A1F0-8B2F0CB885C2}.Debug|Any CPU.ActiveCfg = Debug|Any CPU
		{6741D926-6F88-4395-A1F0-8B2F0CB885C2}.Debug|Any CPU.Build.0 = Debug|Any CPU
		{6741D926-6F88-4395-A1F0-8B2F0CB885C2}.Release|Any CPU.ActiveCfg = Release|Any CPU
		{6741D926-6F88-4395-A1F0-8B2F0CB885C2}.Release|Any CPU.Build.0 = Release|Any CPU
		{75DEFB4C-1CCF-4BA6-9166-0D7A7114F85B}.Debug|Any CPU.ActiveCfg = Debug|Any CPU
		{75DEFB4C-1CCF-4BA6-9166-0D7A7114F85B}.Debug|Any CPU.Build.0 = Debug|Any CPU
		{75DEFB4C-1CCF-4BA6-9166-0D7A7114F85B}.Release|Any CPU.ActiveCfg = Release|Any CPU
		{75DEFB4C-1CCF-4BA6-9166-0D7A7114F85B}.Release|Any CPU.Build.0 = Release|Any CPU
		{52113BC3-8E5C-46EB-B08D-418758CF71B3}.Debug|Any CPU.ActiveCfg = Debug|Any CPU
		{52113BC3-8E5C-46EB-B08D-418758CF71B3}.Debug|Any CPU.Build.0 = Debug|Any CPU
		{52113BC3-8E5C-46EB-B08D-418758CF71B3}.Release|Any CPU.ActiveCfg = Release|Any CPU
		{52113BC3-8E5C-46EB-B08D-418758CF71B3}.Release|Any CPU.Build.0 = Release|Any CPU
		{8E06819F-FA51-47FA-B458-34967992D830}.Debug|Any CPU.ActiveCfg = Debug|Any CPU
		{8E06819F-FA51-47FA-B458-34967992D830}.Debug|Any CPU.Build.0 = Debug|Any CPU
		{8E06819F-FA51-47FA-B458-34967992D830}.Release|Any CPU.ActiveCfg = Release|Any CPU
		{8E06819F-FA51-47FA-B458-34967992D830}.Release|Any CPU.Build.0 = Release|Any CPU
		{907996D6-040F-435F-AA75-554830F3E05A}.Debug|Any CPU.ActiveCfg = Debug|Any CPU
		{907996D6-040F-435F-AA75-554830F3E05A}.Debug|Any CPU.Build.0 = Debug|Any CPU
		{907996D6-040F-435F-AA75-554830F3E05A}.Release|Any CPU.ActiveCfg = Release|Any CPU
		{907996D6-040F-435F-AA75-554830F3E05A}.Release|Any CPU.Build.0 = Release|Any CPU
		{4CC69F40-44C8-4A47-8086-1BDEFBC60F11}.Debug|Any CPU.ActiveCfg = Debug|Any CPU
		{4CC69F40-44C8-4A47-8086-1BDEFBC60F11}.Debug|Any CPU.Build.0 = Debug|Any CPU
		{4CC69F40-44C8-4A47-8086-1BDEFBC60F11}.Release|Any CPU.ActiveCfg = Release|Any CPU
		{4CC69F40-44C8-4A47-8086-1BDEFBC60F11}.Release|Any CPU.Build.0 = Release|Any CPU
		{47802384-CB6D-462B-A561-1F304B3C051F}.Debug|Any CPU.ActiveCfg = Debug|Any CPU
		{47802384-CB6D-462B-A561-1F304B3C051F}.Debug|Any CPU.Build.0 = Debug|Any CPU
		{47802384-CB6D-462B-A561-1F304B3C051F}.Release|Any CPU.ActiveCfg = Release|Any CPU
		{47802384-CB6D-462B-A561-1F304B3C051F}.Release|Any CPU.Build.0 = Release|Any CPU
		{D2D82A26-C17C-4A98-841A-D81ECC04438B}.Debug|Any CPU.ActiveCfg = Debug|Any CPU
		{D2D82A26-C17C-4A98-841A-D81ECC04438B}.Debug|Any CPU.Build.0 = Debug|Any CPU
		{D2D82A26-C17C-4A98-841A-D81ECC04438B}.Release|Any CPU.ActiveCfg = Release|Any CPU
		{D2D82A26-C17C-4A98-841A-D81ECC04438B}.Release|Any CPU.Build.0 = Release|Any CPU
		{AE2CD55B-C663-4C00-8B54-82B46A64A7AE}.Debug|Any CPU.ActiveCfg = Debug|Any CPU
		{AE2CD55B-C663-4C00-8B54-82B46A64A7AE}.Debug|Any CPU.Build.0 = Debug|Any CPU
		{AE2CD55B-C663-4C00-8B54-82B46A64A7AE}.Release|Any CPU.ActiveCfg = Release|Any CPU
		{AE2CD55B-C663-4C00-8B54-82B46A64A7AE}.Release|Any CPU.Build.0 = Release|Any CPU
		{32623E62-E1E5-41E2-A41E-104B8C021013}.Debug|Any CPU.ActiveCfg = Debug|Any CPU
		{32623E62-E1E5-41E2-A41E-104B8C021013}.Debug|Any CPU.Build.0 = Debug|Any CPU
		{32623E62-E1E5-41E2-A41E-104B8C021013}.Release|Any CPU.ActiveCfg = Release|Any CPU
		{32623E62-E1E5-41E2-A41E-104B8C021013}.Release|Any CPU.Build.0 = Release|Any CPU
		{FA224AC2-1DE2-41A3-92F3-BBE1B6419245}.Debug|Any CPU.ActiveCfg = Debug|Any CPU
		{FA224AC2-1DE2-41A3-92F3-BBE1B6419245}.Debug|Any CPU.Build.0 = Debug|Any CPU
		{FA224AC2-1DE2-41A3-92F3-BBE1B6419245}.Release|Any CPU.ActiveCfg = Release|Any CPU
		{FA224AC2-1DE2-41A3-92F3-BBE1B6419245}.Release|Any CPU.Build.0 = Release|Any CPU
		{976D80A3-F4C3-480B-AED1-35777050C13D}.Debug|Any CPU.ActiveCfg = Debug|Any CPU
		{976D80A3-F4C3-480B-AED1-35777050C13D}.Debug|Any CPU.Build.0 = Debug|Any CPU
		{976D80A3-F4C3-480B-AED1-35777050C13D}.Release|Any CPU.ActiveCfg = Release|Any CPU
		{976D80A3-F4C3-480B-AED1-35777050C13D}.Release|Any CPU.Build.0 = Release|Any CPU
		{D3EB4B80-C4EC-4F18-92BC-A40688B1AC4F}.Debug|Any CPU.ActiveCfg = Debug|Any CPU
		{D3EB4B80-C4EC-4F18-92BC-A40688B1AC4F}.Debug|Any CPU.Build.0 = Debug|Any CPU
		{D3EB4B80-C4EC-4F18-92BC-A40688B1AC4F}.Release|Any CPU.ActiveCfg = Release|Any CPU
		{D3EB4B80-C4EC-4F18-92BC-A40688B1AC4F}.Release|Any CPU.Build.0 = Release|Any CPU
		{FD6EB239-FD95-4625-86BC-0DE564DE6739}.Debug|Any CPU.ActiveCfg = Debug|Any CPU
		{FD6EB239-FD95-4625-86BC-0DE564DE6739}.Debug|Any CPU.Build.0 = Debug|Any CPU
		{FD6EB239-FD95-4625-86BC-0DE564DE6739}.Release|Any CPU.ActiveCfg = Release|Any CPU
		{FD6EB239-FD95-4625-86BC-0DE564DE6739}.Release|Any CPU.Build.0 = Release|Any CPU
		{4C19AACE-CF33-4E8A-9392-04B8E8A1654F}.Debug|Any CPU.ActiveCfg = Debug|Any CPU
		{4C19AACE-CF33-4E8A-9392-04B8E8A1654F}.Debug|Any CPU.Build.0 = Debug|Any CPU
		{4C19AACE-CF33-4E8A-9392-04B8E8A1654F}.Release|Any CPU.ActiveCfg = Release|Any CPU
		{4C19AACE-CF33-4E8A-9392-04B8E8A1654F}.Release|Any CPU.Build.0 = Release|Any CPU
		{7EA660EC-40C8-4BEC-9739-6F521CE2AC1F}.Debug|Any CPU.ActiveCfg = Debug|Any CPU
		{7EA660EC-40C8-4BEC-9739-6F521CE2AC1F}.Debug|Any CPU.Build.0 = Debug|Any CPU
		{7EA660EC-40C8-4BEC-9739-6F521CE2AC1F}.Release|Any CPU.ActiveCfg = Release|Any CPU
		{7EA660EC-40C8-4BEC-9739-6F521CE2AC1F}.Release|Any CPU.Build.0 = Release|Any CPU
		{2B4591BF-41E9-42B4-B1ED-A53E4DDECDFE}.Debug|Any CPU.ActiveCfg = Debug|Any CPU
		{2B4591BF-41E9-42B4-B1ED-A53E4DDECDFE}.Debug|Any CPU.Build.0 = Debug|Any CPU
		{2B4591BF-41E9-42B4-B1ED-A53E4DDECDFE}.Release|Any CPU.ActiveCfg = Release|Any CPU
		{2B4591BF-41E9-42B4-B1ED-A53E4DDECDFE}.Release|Any CPU.Build.0 = Release|Any CPU
		{E4CDE2D4-55B0-4356-8FC2-5DB528AA2B82}.Debug|Any CPU.ActiveCfg = Debug|Any CPU
		{E4CDE2D4-55B0-4356-8FC2-5DB528AA2B82}.Debug|Any CPU.Build.0 = Debug|Any CPU
		{E4CDE2D4-55B0-4356-8FC2-5DB528AA2B82}.Release|Any CPU.ActiveCfg = Release|Any CPU
		{E4CDE2D4-55B0-4356-8FC2-5DB528AA2B82}.Release|Any CPU.Build.0 = Release|Any CPU
		{DC68EE60-15D2-4919-B36C-2592013CD556}.Debug|Any CPU.ActiveCfg = Debug|Any CPU
		{DC68EE60-15D2-4919-B36C-2592013CD556}.Debug|Any CPU.Build.0 = Debug|Any CPU
		{DC68EE60-15D2-4919-B36C-2592013CD556}.Release|Any CPU.ActiveCfg = Release|Any CPU
		{DC68EE60-15D2-4919-B36C-2592013CD556}.Release|Any CPU.Build.0 = Release|Any CPU
		{ED2901F8-F721-405F-AE81-105F7EB9D1BC}.Debug|Any CPU.ActiveCfg = Debug|Any CPU
		{ED2901F8-F721-405F-AE81-105F7EB9D1BC}.Debug|Any CPU.Build.0 = Debug|Any CPU
		{ED2901F8-F721-405F-AE81-105F7EB9D1BC}.Release|Any CPU.ActiveCfg = Release|Any CPU
		{ED2901F8-F721-405F-AE81-105F7EB9D1BC}.Release|Any CPU.Build.0 = Release|Any CPU
		{9CB05D31-4D67-4B66-9907-A6626847DC1E}.Debug|Any CPU.ActiveCfg = Debug|Any CPU
		{9CB05D31-4D67-4B66-9907-A6626847DC1E}.Debug|Any CPU.Build.0 = Debug|Any CPU
		{9CB05D31-4D67-4B66-9907-A6626847DC1E}.Release|Any CPU.ActiveCfg = Release|Any CPU
		{9CB05D31-4D67-4B66-9907-A6626847DC1E}.Release|Any CPU.Build.0 = Release|Any CPU
		{7C128BBC-E6ED-4E5E-8BF4-A586C178BF87}.Debug|Any CPU.ActiveCfg = Debug|Any CPU
		{7C128BBC-E6ED-4E5E-8BF4-A586C178BF87}.Debug|Any CPU.Build.0 = Debug|Any CPU
		{7C128BBC-E6ED-4E5E-8BF4-A586C178BF87}.Release|Any CPU.ActiveCfg = Release|Any CPU
		{7C128BBC-E6ED-4E5E-8BF4-A586C178BF87}.Release|Any CPU.Build.0 = Release|Any CPU
		{1F6A17DC-33AA-41DA-98F6-E3E505E2B094}.Debug|Any CPU.ActiveCfg = Debug|Any CPU
		{1F6A17DC-33AA-41DA-98F6-E3E505E2B094}.Debug|Any CPU.Build.0 = Debug|Any CPU
		{1F6A17DC-33AA-41DA-98F6-E3E505E2B094}.Release|Any CPU.ActiveCfg = Release|Any CPU
		{1F6A17DC-33AA-41DA-98F6-E3E505E2B094}.Release|Any CPU.Build.0 = Release|Any CPU
		{157B1863-AFB1-4D40-BCA6-149CDAB4098F}.Debug|Any CPU.ActiveCfg = Debug|Any CPU
		{157B1863-AFB1-4D40-BCA6-149CDAB4098F}.Debug|Any CPU.Build.0 = Debug|Any CPU
		{157B1863-AFB1-4D40-BCA6-149CDAB4098F}.Release|Any CPU.ActiveCfg = Release|Any CPU
		{157B1863-AFB1-4D40-BCA6-149CDAB4098F}.Release|Any CPU.Build.0 = Release|Any CPU
		{C24A0A4E-4F44-40C5-813C-BC71875E1F71}.Debug|Any CPU.ActiveCfg = Debug|Any CPU
		{C24A0A4E-4F44-40C5-813C-BC71875E1F71}.Debug|Any CPU.Build.0 = Debug|Any CPU
		{C24A0A4E-4F44-40C5-813C-BC71875E1F71}.Release|Any CPU.ActiveCfg = Release|Any CPU
		{C24A0A4E-4F44-40C5-813C-BC71875E1F71}.Release|Any CPU.Build.0 = Release|Any CPU
		{4ABA1B60-83FA-43AB-9504-EC88A6321FEE}.Debug|Any CPU.ActiveCfg = Debug|Any CPU
		{4ABA1B60-83FA-43AB-9504-EC88A6321FEE}.Debug|Any CPU.Build.0 = Debug|Any CPU
		{4ABA1B60-83FA-43AB-9504-EC88A6321FEE}.Release|Any CPU.ActiveCfg = Release|Any CPU
		{4ABA1B60-83FA-43AB-9504-EC88A6321FEE}.Release|Any CPU.Build.0 = Release|Any CPU
		{7A9F492E-AF7F-447F-8647-EFC2381B0DCD}.Debug|Any CPU.ActiveCfg = Debug|Any CPU
		{7A9F492E-AF7F-447F-8647-EFC2381B0DCD}.Debug|Any CPU.Build.0 = Debug|Any CPU
		{7A9F492E-AF7F-447F-8647-EFC2381B0DCD}.Release|Any CPU.ActiveCfg = Release|Any CPU
		{7A9F492E-AF7F-447F-8647-EFC2381B0DCD}.Release|Any CPU.Build.0 = Release|Any CPU
		{F160B9EA-19DB-4A56-944C-38D5C44C51D5}.Debug|Any CPU.ActiveCfg = Debug|Any CPU
		{F160B9EA-19DB-4A56-944C-38D5C44C51D5}.Debug|Any CPU.Build.0 = Debug|Any CPU
		{F160B9EA-19DB-4A56-944C-38D5C44C51D5}.Release|Any CPU.ActiveCfg = Release|Any CPU
		{F160B9EA-19DB-4A56-944C-38D5C44C51D5}.Release|Any CPU.Build.0 = Release|Any CPU
		{8E531C2E-7DC6-416D-AE22-EDD35EB5659D}.Debug|Any CPU.ActiveCfg = Debug|Any CPU
		{8E531C2E-7DC6-416D-AE22-EDD35EB5659D}.Debug|Any CPU.Build.0 = Debug|Any CPU
		{8E531C2E-7DC6-416D-AE22-EDD35EB5659D}.Release|Any CPU.ActiveCfg = Release|Any CPU
		{8E531C2E-7DC6-416D-AE22-EDD35EB5659D}.Release|Any CPU.Build.0 = Release|Any CPU
		{CD0D2C1F-C334-4A2A-BFE7-E6ECD8815FD0}.Debug|Any CPU.ActiveCfg = Debug|Any CPU
		{CD0D2C1F-C334-4A2A-BFE7-E6ECD8815FD0}.Debug|Any CPU.Build.0 = Debug|Any CPU
		{CD0D2C1F-C334-4A2A-BFE7-E6ECD8815FD0}.Release|Any CPU.ActiveCfg = Release|Any CPU
		{CD0D2C1F-C334-4A2A-BFE7-E6ECD8815FD0}.Release|Any CPU.Build.0 = Release|Any CPU
		{65B71858-1D7E-4039-B743-7BB572BA5101}.Debug|Any CPU.ActiveCfg = Debug|Any CPU
		{65B71858-1D7E-4039-B743-7BB572BA5101}.Debug|Any CPU.Build.0 = Debug|Any CPU
		{65B71858-1D7E-4039-B743-7BB572BA5101}.Release|Any CPU.ActiveCfg = Release|Any CPU
		{65B71858-1D7E-4039-B743-7BB572BA5101}.Release|Any CPU.Build.0 = Release|Any CPU
		{C24C938A-859A-43A1-A138-FAED4A7951F6}.Debug|Any CPU.ActiveCfg = Debug|Any CPU
		{C24C938A-859A-43A1-A138-FAED4A7951F6}.Debug|Any CPU.Build.0 = Debug|Any CPU
		{C24C938A-859A-43A1-A138-FAED4A7951F6}.Release|Any CPU.ActiveCfg = Release|Any CPU
		{C24C938A-859A-43A1-A138-FAED4A7951F6}.Release|Any CPU.Build.0 = Release|Any CPU
		{E472B6D6-9052-400D-8A9A-D76F62E0E776}.Debug|Any CPU.ActiveCfg = Debug|Any CPU
		{E472B6D6-9052-400D-8A9A-D76F62E0E776}.Debug|Any CPU.Build.0 = Debug|Any CPU
		{E472B6D6-9052-400D-8A9A-D76F62E0E776}.Release|Any CPU.ActiveCfg = Release|Any CPU
		{E472B6D6-9052-400D-8A9A-D76F62E0E776}.Release|Any CPU.Build.0 = Release|Any CPU
		{415B6298-80EA-487C-8D72-7389E2E11278}.Debug|Any CPU.ActiveCfg = Debug|Any CPU
		{415B6298-80EA-487C-8D72-7389E2E11278}.Debug|Any CPU.Build.0 = Debug|Any CPU
		{415B6298-80EA-487C-8D72-7389E2E11278}.Release|Any CPU.ActiveCfg = Release|Any CPU
		{415B6298-80EA-487C-8D72-7389E2E11278}.Release|Any CPU.Build.0 = Release|Any CPU
		{EA20EDC3-2E5B-4BB6-8FB8-7AB6D18CA971}.Debug|Any CPU.ActiveCfg = Debug|Any CPU
		{EA20EDC3-2E5B-4BB6-8FB8-7AB6D18CA971}.Debug|Any CPU.Build.0 = Debug|Any CPU
		{EA20EDC3-2E5B-4BB6-8FB8-7AB6D18CA971}.Release|Any CPU.ActiveCfg = Release|Any CPU
		{EA20EDC3-2E5B-4BB6-8FB8-7AB6D18CA971}.Release|Any CPU.Build.0 = Release|Any CPU
	EndGlobalSection
	GlobalSection(SolutionProperties) = preSolution
		HideSolutionNode = FALSE
	EndGlobalSection
	GlobalSection(NestedProjects) = preSolution
		{54378CC1-9CDB-4773-A4BA-7026F961BB43} = {685DCBA9-5582-4495-BAC6-34E9018FEB0F}
		{5215E646-5EE0-4DAB-AC02-A1454F0FD145} = {2161DCDE-AF47-4A69-9731-D3F686B315DC}
		{A11F6A46-AF25-4F75-9770-C3B1B714A022} = {2161DCDE-AF47-4A69-9731-D3F686B315DC}
		{926A7C18-F8B6-4F3C-B9BF-E7DF24980622} = {A11F6A46-AF25-4F75-9770-C3B1B714A022}
		{0814E710-2C42-408D-8E0C-AFDE2CA55D2D} = {A11F6A46-AF25-4F75-9770-C3B1B714A022}
		{8977F059-B301-46A0-B4C7-D1A36A3A1E6F} = {2161DCDE-AF47-4A69-9731-D3F686B315DC}
		{2C8116E8-4B5E-4634-9DC1-F23E68DE35D7} = {8977F059-B301-46A0-B4C7-D1A36A3A1E6F}
		{6741D926-6F88-4395-A1F0-8B2F0CB885C2} = {8977F059-B301-46A0-B4C7-D1A36A3A1E6F}
		{52113BC3-8E5C-46EB-B08D-418758CF71B3} = {1C6020EB-1E91-4CDA-A7A8-CB3B1C1F93B2}
		{99A26394-47B8-4F16-A013-6A613FD6F924} = {1C6020EB-1E91-4CDA-A7A8-CB3B1C1F93B2}
		{8E06819F-FA51-47FA-B458-34967992D830} = {99A26394-47B8-4F16-A013-6A613FD6F924}
		{0F61AF53-5D19-4C71-AE2C-B900EAAE8A53} = {1C6020EB-1E91-4CDA-A7A8-CB3B1C1F93B2}
		{907996D6-040F-435F-AA75-554830F3E05A} = {0F61AF53-5D19-4C71-AE2C-B900EAAE8A53}
		{4CC69F40-44C8-4A47-8086-1BDEFBC60F11} = {0F61AF53-5D19-4C71-AE2C-B900EAAE8A53}
		{47802384-CB6D-462B-A561-1F304B3C051F} = {99A26394-47B8-4F16-A013-6A613FD6F924}
		{D2D82A26-C17C-4A98-841A-D81ECC04438B} = {D2112F62-AA13-44E2-9592-1518371790BF}
		{97F1D7DC-8B48-4FC5-9513-3D96F25598B5} = {D2112F62-AA13-44E2-9592-1518371790BF}
		{AE2CD55B-C663-4C00-8B54-82B46A64A7AE} = {97F1D7DC-8B48-4FC5-9513-3D96F25598B5}
		{32623E62-E1E5-41E2-A41E-104B8C021013} = {97F1D7DC-8B48-4FC5-9513-3D96F25598B5}
		{598B6D48-473F-4A4C-AC11-7D0BFEDC6533} = {D2112F62-AA13-44E2-9592-1518371790BF}
		{FA224AC2-1DE2-41A3-92F3-BBE1B6419245} = {598B6D48-473F-4A4C-AC11-7D0BFEDC6533}
		{976D80A3-F4C3-480B-AED1-35777050C13D} = {598B6D48-473F-4A4C-AC11-7D0BFEDC6533}
		{D3EB4B80-C4EC-4F18-92BC-A40688B1AC4F} = {4E94019D-87D6-40F9-9015-969BED08B400}
		{FD6EB239-FD95-4625-86BC-0DE564DE6739} = {266F7D89-92AB-4A19-9126-51C2B4FD21B3}
		{61180B55-BAC3-4BF5-9127-12139FC00E55} = {266F7D89-92AB-4A19-9126-51C2B4FD21B3}
		{E81FAAB8-2F8C-48FE-81C4-93B9CC22264A} = {266F7D89-92AB-4A19-9126-51C2B4FD21B3}
		{4C19AACE-CF33-4E8A-9392-04B8E8A1654F} = {61180B55-BAC3-4BF5-9127-12139FC00E55}
		{7EA660EC-40C8-4BEC-9739-6F521CE2AC1F} = {E81FAAB8-2F8C-48FE-81C4-93B9CC22264A}
		{2B4591BF-41E9-42B4-B1ED-A53E4DDECDFE} = {E81FAAB8-2F8C-48FE-81C4-93B9CC22264A}
		{E4CDE2D4-55B0-4356-8FC2-5DB528AA2B82} = {61180B55-BAC3-4BF5-9127-12139FC00E55}
		{DC68EE60-15D2-4919-B36C-2592013CD556} = {B228BF90-C0CA-47CF-A532-9D727ADCF0DD}
		{C22C7368-03B1-4244-888B-205227D0FAF5} = {B228BF90-C0CA-47CF-A532-9D727ADCF0DD}
		{ED2901F8-F721-405F-AE81-105F7EB9D1BC} = {C22C7368-03B1-4244-888B-205227D0FAF5}
		{9CB05D31-4D67-4B66-9907-A6626847DC1E} = {C22C7368-03B1-4244-888B-205227D0FAF5}
		{CB76794C-59BD-4E3A-ABD1-F58043601546} = {B228BF90-C0CA-47CF-A532-9D727ADCF0DD}
		{7C128BBC-E6ED-4E5E-8BF4-A586C178BF87} = {CB76794C-59BD-4E3A-ABD1-F58043601546}
		{1F6A17DC-33AA-41DA-98F6-E3E505E2B094} = {CB76794C-59BD-4E3A-ABD1-F58043601546}
		{157B1863-AFB1-4D40-BCA6-149CDAB4098F} = {7333B95C-6E6D-4BF4-AFB8-34950D0BE526}
		{0958D533-07AD-4274-8F31-89FFCCEDDDCE} = {7333B95C-6E6D-4BF4-AFB8-34950D0BE526}
		{C24A0A4E-4F44-40C5-813C-BC71875E1F71} = {0958D533-07AD-4274-8F31-89FFCCEDDDCE}
		{4ABA1B60-83FA-43AB-9504-EC88A6321FEE} = {0958D533-07AD-4274-8F31-89FFCCEDDDCE}
		{CB06C075-3FF6-4A6F-A163-973B24877A38} = {7333B95C-6E6D-4BF4-AFB8-34950D0BE526}
		{7A9F492E-AF7F-447F-8647-EFC2381B0DCD} = {CB06C075-3FF6-4A6F-A163-973B24877A38}
		{F160B9EA-19DB-4A56-944C-38D5C44C51D5} = {CB06C075-3FF6-4A6F-A163-973B24877A38}
		{8E531C2E-7DC6-416D-AE22-EDD35EB5659D} = {D932E515-48C0-4E27-9AA0-D4D82C7B9F98}
		{AAE2A881-CFDE-48DB-9E95-1711683BA174} = {D932E515-48C0-4E27-9AA0-D4D82C7B9F98}
		{E58C0663-66E8-4E62-8793-6788BEE9EB68} = {D932E515-48C0-4E27-9AA0-D4D82C7B9F98}
		{CD0D2C1F-C334-4A2A-BFE7-E6ECD8815FD0} = {AAE2A881-CFDE-48DB-9E95-1711683BA174}
		{65B71858-1D7E-4039-B743-7BB572BA5101} = {AAE2A881-CFDE-48DB-9E95-1711683BA174}
		{C24C938A-859A-43A1-A138-FAED4A7951F6} = {E58C0663-66E8-4E62-8793-6788BEE9EB68}
		{E472B6D6-9052-400D-8A9A-D76F62E0E776} = {E58C0663-66E8-4E62-8793-6788BEE9EB68}
		{415B6298-80EA-487C-8D72-7389E2E11278} = {8977F059-B301-46A0-B4C7-D1A36A3A1E6F}
		{EA20EDC3-2E5B-4BB6-8FB8-7AB6D18CA971} = {8977F059-B301-46A0-B4C7-D1A36A3A1E6F}
	EndGlobalSection
	GlobalSection(ExtensibilityGlobals) = postSolution
		SolutionGuid = {465E86F6-2484-4274-BABD-77A5043D0816}
	EndGlobalSection
EndGlobal
